PODS:
  - XYExtension (0.1.0)
  - XYNetwork (0.1.0)

DEPENDENCIES:
  - XYExtension (from `../../XYExtension/`)
  - XYNetwork (from `../`)

EXTERNAL SOURCES:
  XYExtension:
    :path: "../../XYExtension/"
  XYNetwork:
    :path: "../"

SPEC CHECKSUMS:
  XYExtension: 01fcc49864211dbc604ed87a881f0dd06f487eb5
  XYNetwork: c3175bb9b884594b72a70c98b63084fdb07b91a5

PODFILE CHECKSUM: 51df40e1261d1bd8ae80653aff328df96e507181

COCOAPODS: 1.16.2
