PODS:
  - XYExtension (0.1.0)
  - XYLog (0.1.0)

DEPENDENCIES:
  - XYExtension (from `../../XYExtension/`)
  - XYLog (from `../`)

EXTERNAL SOURCES:
  XYExtension:
    :path: "../../XYExtension/"
  XYLog:
    :path: "../"

SPEC CHECKSUMS:
  XYExtension: 01fcc49864211dbc604ed87a881f0dd06f487eb5
  XYLog: 80133a8057e4257049c3758e5135d3a495605237

PODFILE CHECKSUM: c635814f9b649909def88d287d7006e02f233301

COCOAPODS: 1.16.2
