PODS:
  - CocoaLumberjack/Core (3.9.0)
  - CocoaLumberjack/Swift (3.9.0):
    - CocoaLumberjack/Core
  - XYExtension (1.0.0)
  - XYLog (1.0.0):
    - CocoaLumberjack/Swift
    - XYExtension
    - XYUtil
  - XYUtil (1.0.0):
    - XYExtension
  - XYWatchConnectivity (1.0.0):
    - XYExtension
    - XYLog
    - XYUtil

DEPENDENCIES:
  - XYExtension (from `../../../Basic/XYExtension/`)
  - XYLog (from `../../../Server/XYLog/`)
  - XYUtil (from `../../../Tool/XYUtil/`)
  - XYWatchConnectivity (from `../`)

SPEC REPOS:
  https://github.com/CocoaPods/Specs.git:
    - CocoaLumberjack

EXTERNAL SOURCES:
  XYExtension:
    :path: "../../../Basic/XYExtension/"
  XYLog:
    :path: "../../../Server/XYLog/"
  XYUtil:
    :path: "../../../Tool/XYUtil/"
  XYWatchConnectivity:
    :path: "../"

SPEC CHECKSUMS:
  CocoaLumberjack: 5644158777912b7de7469fa881f8a3f259c2512a
  XYExtension: 883d94168ffc4cc5f4bff3e00e96aaf75b0f2041
  XYLog: 22bc8883abd56a232546d8f8c9206fa88fe193cb
  XYUtil: 6015148dfe2cc2e775a373f42a65759af7027e23
  XYWatchConnectivity: 8bd7ad9d677d5bc66e0cf7cb5bdd3551d7a9b191

PODFILE CHECKSUM: 58f19b886f07a9aefd17e54a92bdecac5c763d49

COCOAPODS: 1.16.2
