PODS:
  - CocoaLumberjack/Core (3.9.0)
  - CocoaLumberjack/Swift (3.9.0):
    - CocoaLumberjack/Core
  - XYExtension (1.0.0)
  - XYLog (1.0.0):
    - CocoaLumberjack/Swift
    - XYExtension
    - XYUtil
  - XYStorage (1.0.0):
    - XYExtension
    - XYLog
    - XYUtil
  - XYUtil (1.0.0):
    - XYExtension

DEPENDENCIES:
  - XYExtension (from `../../../Basic/XYExtension/`)
  - XYLog (from `../../../Server/XYLog/`)
  - XYStorage (from `../`)
  - XYUtil (from `../../../Tool/XYUtil/`)

SPEC REPOS:
  https://github.com/CocoaPods/Specs.git:
    - CocoaLumberjack

EXTERNAL SOURCES:
  XYExtension:
    :path: "../../../Basic/XYExtension/"
  XYLog:
    :path: "../../../Server/XYLog/"
  XYStorage:
    :path: "../"
  XYUtil:
    :path: "../../../Tool/XYUtil/"

SPEC CHECKSUMS:
  CocoaLumberjack: 5644158777912b7de7469fa881f8a3f259c2512a
  XYExtension: 883d94168ffc4cc5f4bff3e00e96aaf75b0f2041
  XYLog: 22bc8883abd56a232546d8f8c9206fa88fe193cb
  XYStorage: a2bdb7e36d549e3bb9d7f97cd00aabbc0ace7e29
  XYUtil: 6015148dfe2cc2e775a373f42a65759af7027e23

PODFILE CHECKSUM: 21bbcc441ae603731cf240651ec1b9e40b156885

COCOAPODS: 1.16.2
