// !$*UTF8*$!
{
	archiveVersion = 1;
	classes = {
	};
	objectVersion = 77;
	objects = {

/* Begin PBXBuildFile section */
		01F5E7532A2FE2BBCEA615DA /* Pods_watchOSAppUITests.framework in Frameworks */ = {isa = PBXBuildFile; fileRef = 0FD9A235EDEDA51C2D7E17C8 /* Pods_watchOSAppUITests.framework */; };
		1A0CAB3674A7F708C243A333 /* Pods_iOSAppTests.framework in Frameworks */ = {isa = PBXBuildFile; fileRef = 64348B4948EC7D9249705452 /* Pods_iOSAppTests.framework */; };
		7640085F463D424CB61D8622 /* Pods_iOSApp.framework in Frameworks */ = {isa = PBXBuildFile; fileRef = C37B6327F53D9C3968E70755 /* Pods_iOSApp.framework */; };
		7859B7AC33ADF43B602ACA9E /* Pods_watchOSAppTests.framework in Frameworks */ = {isa = PBXBuildFile; fileRef = BD4A4EF62FDA431546091495 /* Pods_watchOSAppTests.framework */; };
		98CBC7E2821B44F46F5C2B0F /* Pods_iOSAppUITests.framework in Frameworks */ = {isa = PBXBuildFile; fileRef = DC2958A5DFFBA47FEBC27CBF /* Pods_iOSAppUITests.framework */; };
		D17AEB827561DCFFD8322ADC /* Pods_watchOSApp.framework in Frameworks */ = {isa = PBXBuildFile; fileRef = 9C54934AEF9751477B4C3FAB /* Pods_watchOSApp.framework */; };
		DD4032502EA4B44200C48702 /* watchOSApp.app in Embed Watch Content */ = {isa = PBXBuildFile; fileRef = DD4032302EA4B44000C48702 /* watchOSApp.app */; settings = {ATTRIBUTES = (RemoveHeadersOnCopy, ); }; };
/* End PBXBuildFile section */

/* Begin PBXContainerItemProxy section */
		DD4032042EA4AFE600C48702 /* PBXContainerItemProxy */ = {
			isa = PBXContainerItemProxy;
			containerPortal = DD4031EE2EA4AFE500C48702 /* Project object */;
			proxyType = 1;
			remoteGlobalIDString = DD4031F52EA4AFE500C48702;
			remoteInfo = XYCgmsApp;
		};
		DD40320E2EA4AFE600C48702 /* PBXContainerItemProxy */ = {
			isa = PBXContainerItemProxy;
			containerPortal = DD4031EE2EA4AFE500C48702 /* Project object */;
			proxyType = 1;
			remoteGlobalIDString = DD4031F52EA4AFE500C48702;
			remoteInfo = XYCgmsApp;
		};
		DD40323D2EA4B44200C48702 /* PBXContainerItemProxy */ = {
			isa = PBXContainerItemProxy;
			containerPortal = DD4031EE2EA4AFE500C48702 /* Project object */;
			proxyType = 1;
			remoteGlobalIDString = DD40322F2EA4B44000C48702;
			remoteInfo = "Watch Watch App";
		};
		DD4032472EA4B44200C48702 /* PBXContainerItemProxy */ = {
			isa = PBXContainerItemProxy;
			containerPortal = DD4031EE2EA4AFE500C48702 /* Project object */;
			proxyType = 1;
			remoteGlobalIDString = DD40322F2EA4B44000C48702;
			remoteInfo = "Watch Watch App";
		};
		DD40324E2EA4B44200C48702 /* PBXContainerItemProxy */ = {
			isa = PBXContainerItemProxy;
			containerPortal = DD4031EE2EA4AFE500C48702 /* Project object */;
			proxyType = 1;
			remoteGlobalIDString = DD40322F2EA4B44000C48702;
			remoteInfo = "Watch Watch App";
		};
/* End PBXContainerItemProxy section */

/* Begin PBXCopyFilesBuildPhase section */
		DD4032512EA4B44200C48702 /* Embed Watch Content */ = {
			isa = PBXCopyFilesBuildPhase;
			buildActionMask = 2147483647;
			dstPath = "$(CONTENTS_FOLDER_PATH)/Watch";
			dstSubfolderSpec = 16;
			files = (
				DD4032502EA4B44200C48702 /* watchOSApp.app in Embed Watch Content */,
			);
			name = "Embed Watch Content";
			runOnlyForDeploymentPostprocessing = 0;
		};
/* End PBXCopyFilesBuildPhase section */

/* Begin PBXFileReference section */
		0FD9A235EDEDA51C2D7E17C8 /* Pods_watchOSAppUITests.framework */ = {isa = PBXFileReference; explicitFileType = wrapper.framework; includeInIndex = 0; path = Pods_watchOSAppUITests.framework; sourceTree = BUILT_PRODUCTS_DIR; };
		159A7C4A7A16E9468FE957DD /* Pods-watchOSApp.debug.xcconfig */ = {isa = PBXFileReference; includeInIndex = 1; lastKnownFileType = text.xcconfig; name = "Pods-watchOSApp.debug.xcconfig"; path = "Target Support Files/Pods-watchOSApp/Pods-watchOSApp.debug.xcconfig"; sourceTree = "<group>"; };
		284D31FA70CE836826EF60AD /* Pods-watchOSAppUITests.release.xcconfig */ = {isa = PBXFileReference; includeInIndex = 1; lastKnownFileType = text.xcconfig; name = "Pods-watchOSAppUITests.release.xcconfig"; path = "Target Support Files/Pods-watchOSAppUITests/Pods-watchOSAppUITests.release.xcconfig"; sourceTree = "<group>"; };
		32FFECA3201CCBC455A4674D /* Pods-iOSAppTests.release.xcconfig */ = {isa = PBXFileReference; includeInIndex = 1; lastKnownFileType = text.xcconfig; name = "Pods-iOSAppTests.release.xcconfig"; path = "Target Support Files/Pods-iOSAppTests/Pods-iOSAppTests.release.xcconfig"; sourceTree = "<group>"; };
		3378B555156EB1B466A938DC /* Pods-iOSApp.debug.xcconfig */ = {isa = PBXFileReference; includeInIndex = 1; lastKnownFileType = text.xcconfig; name = "Pods-iOSApp.debug.xcconfig"; path = "Target Support Files/Pods-iOSApp/Pods-iOSApp.debug.xcconfig"; sourceTree = "<group>"; };
		488833C3B07894D25953FA53 /* Pods-iOSAppUITests.release.xcconfig */ = {isa = PBXFileReference; includeInIndex = 1; lastKnownFileType = text.xcconfig; name = "Pods-iOSAppUITests.release.xcconfig"; path = "Target Support Files/Pods-iOSAppUITests/Pods-iOSAppUITests.release.xcconfig"; sourceTree = "<group>"; };
		4AA274D715D99B1B90568637 /* Pods-watchOSApp.release.xcconfig */ = {isa = PBXFileReference; includeInIndex = 1; lastKnownFileType = text.xcconfig; name = "Pods-watchOSApp.release.xcconfig"; path = "Target Support Files/Pods-watchOSApp/Pods-watchOSApp.release.xcconfig"; sourceTree = "<group>"; };
		55BE044A4D45B878C209D057 /* Pods-iOSApp.release.xcconfig */ = {isa = PBXFileReference; includeInIndex = 1; lastKnownFileType = text.xcconfig; name = "Pods-iOSApp.release.xcconfig"; path = "Target Support Files/Pods-iOSApp/Pods-iOSApp.release.xcconfig"; sourceTree = "<group>"; };
		5BF4B41F78C281328F5C6A5E /* Pods-watchOSAppTests.debug.xcconfig */ = {isa = PBXFileReference; includeInIndex = 1; lastKnownFileType = text.xcconfig; name = "Pods-watchOSAppTests.debug.xcconfig"; path = "Target Support Files/Pods-watchOSAppTests/Pods-watchOSAppTests.debug.xcconfig"; sourceTree = "<group>"; };
		64348B4948EC7D9249705452 /* Pods_iOSAppTests.framework */ = {isa = PBXFileReference; explicitFileType = wrapper.framework; includeInIndex = 0; path = Pods_iOSAppTests.framework; sourceTree = BUILT_PRODUCTS_DIR; };
		8229B14771E76A7A3203D2B9 /* Pods-watchOSAppTests.release.xcconfig */ = {isa = PBXFileReference; includeInIndex = 1; lastKnownFileType = text.xcconfig; name = "Pods-watchOSAppTests.release.xcconfig"; path = "Target Support Files/Pods-watchOSAppTests/Pods-watchOSAppTests.release.xcconfig"; sourceTree = "<group>"; };
		9C54934AEF9751477B4C3FAB /* Pods_watchOSApp.framework */ = {isa = PBXFileReference; explicitFileType = wrapper.framework; includeInIndex = 0; path = Pods_watchOSApp.framework; sourceTree = BUILT_PRODUCTS_DIR; };
		AD90E58150FDD6E56ED1A398 /* Pods-iOSAppTests.debug.xcconfig */ = {isa = PBXFileReference; includeInIndex = 1; lastKnownFileType = text.xcconfig; name = "Pods-iOSAppTests.debug.xcconfig"; path = "Target Support Files/Pods-iOSAppTests/Pods-iOSAppTests.debug.xcconfig"; sourceTree = "<group>"; };
		BAA378B8923892A956564118 /* Pods-watchOSAppUITests.debug.xcconfig */ = {isa = PBXFileReference; includeInIndex = 1; lastKnownFileType = text.xcconfig; name = "Pods-watchOSAppUITests.debug.xcconfig"; path = "Target Support Files/Pods-watchOSAppUITests/Pods-watchOSAppUITests.debug.xcconfig"; sourceTree = "<group>"; };
		BD4A4EF62FDA431546091495 /* Pods_watchOSAppTests.framework */ = {isa = PBXFileReference; explicitFileType = wrapper.framework; includeInIndex = 0; path = Pods_watchOSAppTests.framework; sourceTree = BUILT_PRODUCTS_DIR; };
		C37B6327F53D9C3968E70755 /* Pods_iOSApp.framework */ = {isa = PBXFileReference; explicitFileType = wrapper.framework; includeInIndex = 0; path = Pods_iOSApp.framework; sourceTree = BUILT_PRODUCTS_DIR; };
		DC2958A5DFFBA47FEBC27CBF /* Pods_iOSAppUITests.framework */ = {isa = PBXFileReference; explicitFileType = wrapper.framework; includeInIndex = 0; path = Pods_iOSAppUITests.framework; sourceTree = BUILT_PRODUCTS_DIR; };
		DD4031F62EA4AFE500C48702 /* iOSApp.app */ = {isa = PBXFileReference; explicitFileType = wrapper.application; includeInIndex = 0; path = iOSApp.app; sourceTree = BUILT_PRODUCTS_DIR; };
		DD4032032EA4AFE600C48702 /* iOSAppTests.xctest */ = {isa = PBXFileReference; explicitFileType = wrapper.cfbundle; includeInIndex = 0; path = iOSAppTests.xctest; sourceTree = BUILT_PRODUCTS_DIR; };
		DD40320D2EA4AFE600C48702 /* iOSAppUITests.xctest */ = {isa = PBXFileReference; explicitFileType = wrapper.cfbundle; includeInIndex = 0; path = iOSAppUITests.xctest; sourceTree = BUILT_PRODUCTS_DIR; };
		DD4032302EA4B44000C48702 /* watchOSApp.app */ = {isa = PBXFileReference; explicitFileType = wrapper.application; includeInIndex = 0; path = watchOSApp.app; sourceTree = BUILT_PRODUCTS_DIR; };
		DD40323C2EA4B44200C48702 /* watchOSAppTests.xctest */ = {isa = PBXFileReference; explicitFileType = wrapper.cfbundle; includeInIndex = 0; path = watchOSAppTests.xctest; sourceTree = BUILT_PRODUCTS_DIR; };
		DD4032462EA4B44200C48702 /* watchOSAppUITests.xctest */ = {isa = PBXFileReference; explicitFileType = wrapper.cfbundle; includeInIndex = 0; path = watchOSAppUITests.xctest; sourceTree = BUILT_PRODUCTS_DIR; };
		ECE34F5D01AB4B3D78975ED7 /* Pods-iOSAppUITests.debug.xcconfig */ = {isa = PBXFileReference; includeInIndex = 1; lastKnownFileType = text.xcconfig; name = "Pods-iOSAppUITests.debug.xcconfig"; path = "Target Support Files/Pods-iOSAppUITests/Pods-iOSAppUITests.debug.xcconfig"; sourceTree = "<group>"; };
/* End PBXFileReference section */

/* Begin PBXFileSystemSynchronizedRootGroup section */
		DD4031F82EA4AFE500C48702 /* iOSApp */ = {
			isa = PBXFileSystemSynchronizedRootGroup;
			path = iOSApp;
			sourceTree = "<group>";
		};
		DD4032062EA4AFE600C48702 /* iOSAppTests */ = {
			isa = PBXFileSystemSynchronizedRootGroup;
			path = iOSAppTests;
			sourceTree = "<group>";
		};
		DD4032102EA4AFE600C48702 /* iOSAppUITests */ = {
			isa = PBXFileSystemSynchronizedRootGroup;
			path = iOSAppUITests;
			sourceTree = "<group>";
		};
		DD4032312EA4B44000C48702 /* watchOSApp */ = {
			isa = PBXFileSystemSynchronizedRootGroup;
			path = watchOSApp;
			sourceTree = "<group>";
		};
		DD40323F2EA4B44200C48702 /* watchOSAppTests */ = {
			isa = PBXFileSystemSynchronizedRootGroup;
			path = watchOSAppTests;
			sourceTree = "<group>";
		};
		DD4032492EA4B44200C48702 /* watchOSAppUITests */ = {
			isa = PBXFileSystemSynchronizedRootGroup;
			path = watchOSAppUITests;
			sourceTree = "<group>";
		};
/* End PBXFileSystemSynchronizedRootGroup section */

/* Begin PBXFrameworksBuildPhase section */
		DD4031F32EA4AFE500C48702 /* Frameworks */ = {
			isa = PBXFrameworksBuildPhase;
			buildActionMask = 2147483647;
			files = (
				7640085F463D424CB61D8622 /* Pods_iOSApp.framework in Frameworks */,
			);
			runOnlyForDeploymentPostprocessing = 0;
		};
		DD4032002EA4AFE600C48702 /* Frameworks */ = {
			isa = PBXFrameworksBuildPhase;
			buildActionMask = 2147483647;
			files = (
				1A0CAB3674A7F708C243A333 /* Pods_iOSAppTests.framework in Frameworks */,
			);
			runOnlyForDeploymentPostprocessing = 0;
		};
		DD40320A2EA4AFE600C48702 /* Frameworks */ = {
			isa = PBXFrameworksBuildPhase;
			buildActionMask = 2147483647;
			files = (
				98CBC7E2821B44F46F5C2B0F /* Pods_iOSAppUITests.framework in Frameworks */,
			);
			runOnlyForDeploymentPostprocessing = 0;
		};
		DD40322D2EA4B44000C48702 /* Frameworks */ = {
			isa = PBXFrameworksBuildPhase;
			buildActionMask = 2147483647;
			files = (
				D17AEB827561DCFFD8322ADC /* Pods_watchOSApp.framework in Frameworks */,
			);
			runOnlyForDeploymentPostprocessing = 0;
		};
		DD4032392EA4B44200C48702 /* Frameworks */ = {
			isa = PBXFrameworksBuildPhase;
			buildActionMask = 2147483647;
			files = (
				7859B7AC33ADF43B602ACA9E /* Pods_watchOSAppTests.framework in Frameworks */,
			);
			runOnlyForDeploymentPostprocessing = 0;
		};
		DD4032432EA4B44200C48702 /* Frameworks */ = {
			isa = PBXFrameworksBuildPhase;
			buildActionMask = 2147483647;
			files = (
				01F5E7532A2FE2BBCEA615DA /* Pods_watchOSAppUITests.framework in Frameworks */,
			);
			runOnlyForDeploymentPostprocessing = 0;
		};
/* End PBXFrameworksBuildPhase section */

/* Begin PBXGroup section */
		028830E1DA27CEACEEA2F080 /* Pods */ = {
			isa = PBXGroup;
			children = (
				3378B555156EB1B466A938DC /* Pods-iOSApp.debug.xcconfig */,
				55BE044A4D45B878C209D057 /* Pods-iOSApp.release.xcconfig */,
				AD90E58150FDD6E56ED1A398 /* Pods-iOSAppTests.debug.xcconfig */,
				32FFECA3201CCBC455A4674D /* Pods-iOSAppTests.release.xcconfig */,
				ECE34F5D01AB4B3D78975ED7 /* Pods-iOSAppUITests.debug.xcconfig */,
				488833C3B07894D25953FA53 /* Pods-iOSAppUITests.release.xcconfig */,
				159A7C4A7A16E9468FE957DD /* Pods-watchOSApp.debug.xcconfig */,
				4AA274D715D99B1B90568637 /* Pods-watchOSApp.release.xcconfig */,
				5BF4B41F78C281328F5C6A5E /* Pods-watchOSAppTests.debug.xcconfig */,
				8229B14771E76A7A3203D2B9 /* Pods-watchOSAppTests.release.xcconfig */,
				BAA378B8923892A956564118 /* Pods-watchOSAppUITests.debug.xcconfig */,
				284D31FA70CE836826EF60AD /* Pods-watchOSAppUITests.release.xcconfig */,
			);
			path = Pods;
			sourceTree = "<group>";
		};
		D48CD0308B96C15E024366EE /* Frameworks */ = {
			isa = PBXGroup;
			children = (
				C37B6327F53D9C3968E70755 /* Pods_iOSApp.framework */,
				64348B4948EC7D9249705452 /* Pods_iOSAppTests.framework */,
				DC2958A5DFFBA47FEBC27CBF /* Pods_iOSAppUITests.framework */,
				9C54934AEF9751477B4C3FAB /* Pods_watchOSApp.framework */,
				BD4A4EF62FDA431546091495 /* Pods_watchOSAppTests.framework */,
				0FD9A235EDEDA51C2D7E17C8 /* Pods_watchOSAppUITests.framework */,
			);
			name = Frameworks;
			sourceTree = "<group>";
		};
		DD4031ED2EA4AFE500C48702 = {
			isa = PBXGroup;
			children = (
				DD4031F82EA4AFE500C48702 /* iOSApp */,
				DD4032062EA4AFE600C48702 /* iOSAppTests */,
				DD4032102EA4AFE600C48702 /* iOSAppUITests */,
				DD4032312EA4B44000C48702 /* watchOSApp */,
				DD40323F2EA4B44200C48702 /* watchOSAppTests */,
				DD4032492EA4B44200C48702 /* watchOSAppUITests */,
				DD4031F72EA4AFE500C48702 /* Products */,
				028830E1DA27CEACEEA2F080 /* Pods */,
				D48CD0308B96C15E024366EE /* Frameworks */,
			);
			sourceTree = "<group>";
		};
		DD4031F72EA4AFE500C48702 /* Products */ = {
			isa = PBXGroup;
			children = (
				DD4031F62EA4AFE500C48702 /* iOSApp.app */,
				DD4032032EA4AFE600C48702 /* iOSAppTests.xctest */,
				DD40320D2EA4AFE600C48702 /* iOSAppUITests.xctest */,
				DD4032302EA4B44000C48702 /* watchOSApp.app */,
				DD40323C2EA4B44200C48702 /* watchOSAppTests.xctest */,
				DD4032462EA4B44200C48702 /* watchOSAppUITests.xctest */,
			);
			name = Products;
			sourceTree = "<group>";
		};
/* End PBXGroup section */

/* Begin PBXNativeTarget section */
		DD4031F52EA4AFE500C48702 /* iOSApp */ = {
			isa = PBXNativeTarget;
			buildConfigurationList = DD4032172EA4AFE600C48702 /* Build configuration list for PBXNativeTarget "iOSApp" */;
			buildPhases = (
				311FA527954A814B805A2564 /* [CP] Check Pods Manifest.lock */,
				DD4031F22EA4AFE500C48702 /* Sources */,
				DD4031F32EA4AFE500C48702 /* Frameworks */,
				DD4031F42EA4AFE500C48702 /* Resources */,
				DD4032512EA4B44200C48702 /* Embed Watch Content */,
				57CB8577CBA120F03004B343 /* [CP] Embed Pods Frameworks */,
			);
			buildRules = (
			);
			dependencies = (
				DD40324F2EA4B44200C48702 /* PBXTargetDependency */,
			);
			fileSystemSynchronizedGroups = (
				DD4031F82EA4AFE500C48702 /* iOSApp */,
			);
			name = iOSApp;
			productName = XYCgmsApp;
			productReference = DD4031F62EA4AFE500C48702 /* iOSApp.app */;
			productType = "com.apple.product-type.application";
		};
		DD4032022EA4AFE600C48702 /* iOSAppTests */ = {
			isa = PBXNativeTarget;
			buildConfigurationList = DD40321A2EA4AFE600C48702 /* Build configuration list for PBXNativeTarget "iOSAppTests" */;
			buildPhases = (
				AF743E5AF0FDAABF4AF83F35 /* [CP] Check Pods Manifest.lock */,
				DD4031FF2EA4AFE600C48702 /* Sources */,
				DD4032002EA4AFE600C48702 /* Frameworks */,
				DD4032012EA4AFE600C48702 /* Resources */,
			);
			buildRules = (
			);
			dependencies = (
				DD4032052EA4AFE600C48702 /* PBXTargetDependency */,
			);
			fileSystemSynchronizedGroups = (
				DD4032062EA4AFE600C48702 /* iOSAppTests */,
			);
			name = iOSAppTests;
			productName = XYCgmsAppTests;
			productReference = DD4032032EA4AFE600C48702 /* iOSAppTests.xctest */;
			productType = "com.apple.product-type.bundle.unit-test";
		};
		DD40320C2EA4AFE600C48702 /* iOSAppUITests */ = {
			isa = PBXNativeTarget;
			buildConfigurationList = DD40321D2EA4AFE600C48702 /* Build configuration list for PBXNativeTarget "iOSAppUITests" */;
			buildPhases = (
				0CDA393C3E921B23B0AA9564 /* [CP] Check Pods Manifest.lock */,
				DD4032092EA4AFE600C48702 /* Sources */,
				DD40320A2EA4AFE600C48702 /* Frameworks */,
				DD40320B2EA4AFE600C48702 /* Resources */,
			);
			buildRules = (
			);
			dependencies = (
				DD40320F2EA4AFE600C48702 /* PBXTargetDependency */,
			);
			fileSystemSynchronizedGroups = (
				DD4032102EA4AFE600C48702 /* iOSAppUITests */,
			);
			name = iOSAppUITests;
			productName = XYCgmsAppUITests;
			productReference = DD40320D2EA4AFE600C48702 /* iOSAppUITests.xctest */;
			productType = "com.apple.product-type.bundle.ui-testing";
		};
		DD40322F2EA4B44000C48702 /* watchOSApp */ = {
			isa = PBXNativeTarget;
			buildConfigurationList = DD4032582EA4B44200C48702 /* Build configuration list for PBXNativeTarget "watchOSApp" */;
			buildPhases = (
				84985DA94D59AAD7C835CDCF /* [CP] Check Pods Manifest.lock */,
				DD40322C2EA4B44000C48702 /* Sources */,
				DD40322D2EA4B44000C48702 /* Frameworks */,
				DD40322E2EA4B44000C48702 /* Resources */,
				E9A018269821284FB70C5115 /* [CP] Embed Pods Frameworks */,
			);
			buildRules = (
			);
			dependencies = (
			);
			fileSystemSynchronizedGroups = (
				DD4032312EA4B44000C48702 /* watchOSApp */,
			);
			name = watchOSApp;
			productName = "Watch Watch App";
			productReference = DD4032302EA4B44000C48702 /* watchOSApp.app */;
			productType = "com.apple.product-type.application";
		};
		DD40323B2EA4B44200C48702 /* watchOSAppTests */ = {
			isa = PBXNativeTarget;
			buildConfigurationList = DD4032592EA4B44200C48702 /* Build configuration list for PBXNativeTarget "watchOSAppTests" */;
			buildPhases = (
				26141D60C4EFBD1854940ED4 /* [CP] Check Pods Manifest.lock */,
				DD4032382EA4B44200C48702 /* Sources */,
				DD4032392EA4B44200C48702 /* Frameworks */,
				DD40323A2EA4B44200C48702 /* Resources */,
			);
			buildRules = (
			);
			dependencies = (
				DD40323E2EA4B44200C48702 /* PBXTargetDependency */,
			);
			fileSystemSynchronizedGroups = (
				DD40323F2EA4B44200C48702 /* watchOSAppTests */,
			);
			name = watchOSAppTests;
			productName = "Watch Watch AppTests";
			productReference = DD40323C2EA4B44200C48702 /* watchOSAppTests.xctest */;
			productType = "com.apple.product-type.bundle.unit-test";
		};
		DD4032452EA4B44200C48702 /* watchOSAppUITests */ = {
			isa = PBXNativeTarget;
			buildConfigurationList = DD40325A2EA4B44200C48702 /* Build configuration list for PBXNativeTarget "watchOSAppUITests" */;
			buildPhases = (
				A8526D544F37D20B0B60A2B9 /* [CP] Check Pods Manifest.lock */,
				DD4032422EA4B44200C48702 /* Sources */,
				DD4032432EA4B44200C48702 /* Frameworks */,
				DD4032442EA4B44200C48702 /* Resources */,
			);
			buildRules = (
			);
			dependencies = (
				DD4032482EA4B44200C48702 /* PBXTargetDependency */,
			);
			fileSystemSynchronizedGroups = (
				DD4032492EA4B44200C48702 /* watchOSAppUITests */,
			);
			name = watchOSAppUITests;
			productName = "Watch Watch AppUITests";
			productReference = DD4032462EA4B44200C48702 /* watchOSAppUITests.xctest */;
			productType = "com.apple.product-type.bundle.ui-testing";
		};
/* End PBXNativeTarget section */

/* Begin PBXProject section */
		DD4031EE2EA4AFE500C48702 /* Project object */ = {
			isa = PBXProject;
			attributes = {
				BuildIndependentTargetsInParallel = 1;
				LastSwiftUpdateCheck = 2600;
				LastUpgradeCheck = 2600;
				TargetAttributes = {
					DD4031F52EA4AFE500C48702 = {
						CreatedOnToolsVersion = 26.0.1;
					};
					DD4032022EA4AFE600C48702 = {
						CreatedOnToolsVersion = 26.0.1;
						TestTargetID = DD4031F52EA4AFE500C48702;
					};
					DD40320C2EA4AFE600C48702 = {
						CreatedOnToolsVersion = 26.0.1;
						TestTargetID = DD4031F52EA4AFE500C48702;
					};
					DD40322F2EA4B44000C48702 = {
						CreatedOnToolsVersion = 26.0.1;
					};
					DD40323B2EA4B44200C48702 = {
						CreatedOnToolsVersion = 26.0.1;
						TestTargetID = DD40322F2EA4B44000C48702;
					};
					DD4032452EA4B44200C48702 = {
						CreatedOnToolsVersion = 26.0.1;
						TestTargetID = DD40322F2EA4B44000C48702;
					};
				};
			};
			buildConfigurationList = DD4031F12EA4AFE500C48702 /* Build configuration list for PBXProject "XYCgmsApp" */;
			developmentRegion = en;
			hasScannedForEncodings = 0;
			knownRegions = (
				en,
				Base,
			);
			mainGroup = DD4031ED2EA4AFE500C48702;
			minimizedProjectReferenceProxies = 1;
			preferredProjectObjectVersion = 77;
			productRefGroup = DD4031F72EA4AFE500C48702 /* Products */;
			projectDirPath = "";
			projectRoot = "";
			targets = (
				DD4031F52EA4AFE500C48702 /* iOSApp */,
				DD4032022EA4AFE600C48702 /* iOSAppTests */,
				DD40320C2EA4AFE600C48702 /* iOSAppUITests */,
				DD40322F2EA4B44000C48702 /* watchOSApp */,
				DD40323B2EA4B44200C48702 /* watchOSAppTests */,
				DD4032452EA4B44200C48702 /* watchOSAppUITests */,
			);
		};
/* End PBXProject section */

/* Begin PBXResourcesBuildPhase section */
		DD4031F42EA4AFE500C48702 /* Resources */ = {
			isa = PBXResourcesBuildPhase;
			buildActionMask = 2147483647;
			files = (
			);
			runOnlyForDeploymentPostprocessing = 0;
		};
		DD4032012EA4AFE600C48702 /* Resources */ = {
			isa = PBXResourcesBuildPhase;
			buildActionMask = 2147483647;
			files = (
			);
			runOnlyForDeploymentPostprocessing = 0;
		};
		DD40320B2EA4AFE600C48702 /* Resources */ = {
			isa = PBXResourcesBuildPhase;
			buildActionMask = 2147483647;
			files = (
			);
			runOnlyForDeploymentPostprocessing = 0;
		};
		DD40322E2EA4B44000C48702 /* Resources */ = {
			isa = PBXResourcesBuildPhase;
			buildActionMask = 2147483647;
			files = (
			);
			runOnlyForDeploymentPostprocessing = 0;
		};
		DD40323A2EA4B44200C48702 /* Resources */ = {
			isa = PBXResourcesBuildPhase;
			buildActionMask = 2147483647;
			files = (
			);
			runOnlyForDeploymentPostprocessing = 0;
		};
		DD4032442EA4B44200C48702 /* Resources */ = {
			isa = PBXResourcesBuildPhase;
			buildActionMask = 2147483647;
			files = (
			);
			runOnlyForDeploymentPostprocessing = 0;
		};
/* End PBXResourcesBuildPhase section */

/* Begin PBXShellScriptBuildPhase section */
		0CDA393C3E921B23B0AA9564 /* [CP] Check Pods Manifest.lock */ = {
			isa = PBXShellScriptBuildPhase;
			buildActionMask = 2147483647;
			files = (
			);
			inputFileListPaths = (
			);
			inputPaths = (
				"${PODS_PODFILE_DIR_PATH}/Podfile.lock",
				"${PODS_ROOT}/Manifest.lock",
			);
			name = "[CP] Check Pods Manifest.lock";
			outputFileListPaths = (
			);
			outputPaths = (
				"$(DERIVED_FILE_DIR)/Pods-iOSAppUITests-checkManifestLockResult.txt",
			);
			runOnlyForDeploymentPostprocessing = 0;
			shellPath = /bin/sh;
			shellScript = "diff \"${PODS_PODFILE_DIR_PATH}/Podfile.lock\" \"${PODS_ROOT}/Manifest.lock\" > /dev/null\nif [ $? != 0 ] ; then\n    # print error to STDERR\n    echo \"error: The sandbox is not in sync with the Podfile.lock. Run 'pod install' or update your CocoaPods installation.\" >&2\n    exit 1\nfi\n# This output is used by Xcode 'outputs' to avoid re-running this script phase.\necho \"SUCCESS\" > \"${SCRIPT_OUTPUT_FILE_0}\"\n";
			showEnvVarsInLog = 0;
		};
		26141D60C4EFBD1854940ED4 /* [CP] Check Pods Manifest.lock */ = {
			isa = PBXShellScriptBuildPhase;
			buildActionMask = 2147483647;
			files = (
			);
			inputFileListPaths = (
			);
			inputPaths = (
				"${PODS_PODFILE_DIR_PATH}/Podfile.lock",
				"${PODS_ROOT}/Manifest.lock",
			);
			name = "[CP] Check Pods Manifest.lock";
			outputFileListPaths = (
			);
			outputPaths = (
				"$(DERIVED_FILE_DIR)/Pods-watchOSAppTests-checkManifestLockResult.txt",
			);
			runOnlyForDeploymentPostprocessing = 0;
			shellPath = /bin/sh;
			shellScript = "diff \"${PODS_PODFILE_DIR_PATH}/Podfile.lock\" \"${PODS_ROOT}/Manifest.lock\" > /dev/null\nif [ $? != 0 ] ; then\n    # print error to STDERR\n    echo \"error: The sandbox is not in sync with the Podfile.lock. Run 'pod install' or update your CocoaPods installation.\" >&2\n    exit 1\nfi\n# This output is used by Xcode 'outputs' to avoid re-running this script phase.\necho \"SUCCESS\" > \"${SCRIPT_OUTPUT_FILE_0}\"\n";
			showEnvVarsInLog = 0;
		};
		311FA527954A814B805A2564 /* [CP] Check Pods Manifest.lock */ = {
			isa = PBXShellScriptBuildPhase;
			buildActionMask = 2147483647;
			files = (
			);
			inputFileListPaths = (
			);
			inputPaths = (
				"${PODS_PODFILE_DIR_PATH}/Podfile.lock",
				"${PODS_ROOT}/Manifest.lock",
			);
			name = "[CP] Check Pods Manifest.lock";
			outputFileListPaths = (
			);
			outputPaths = (
				"$(DERIVED_FILE_DIR)/Pods-iOSApp-checkManifestLockResult.txt",
			);
			runOnlyForDeploymentPostprocessing = 0;
			shellPath = /bin/sh;
			shellScript = "diff \"${PODS_PODFILE_DIR_PATH}/Podfile.lock\" \"${PODS_ROOT}/Manifest.lock\" > /dev/null\nif [ $? != 0 ] ; then\n    # print error to STDERR\n    echo \"error: The sandbox is not in sync with the Podfile.lock. Run 'pod install' or update your CocoaPods installation.\" >&2\n    exit 1\nfi\n# This output is used by Xcode 'outputs' to avoid re-running this script phase.\necho \"SUCCESS\" > \"${SCRIPT_OUTPUT_FILE_0}\"\n";
			showEnvVarsInLog = 0;
		};
		57CB8577CBA120F03004B343 /* [CP] Embed Pods Frameworks */ = {
			isa = PBXShellScriptBuildPhase;
			buildActionMask = 2147483647;
			files = (
			);
			inputFileListPaths = (
				"${PODS_ROOT}/Target Support Files/Pods-iOSApp/Pods-iOSApp-frameworks-${CONFIGURATION}-input-files.xcfilelist",
			);
			inputPaths = (
			);
			name = "[CP] Embed Pods Frameworks";
			outputFileListPaths = (
				"${PODS_ROOT}/Target Support Files/Pods-iOSApp/Pods-iOSApp-frameworks-${CONFIGURATION}-output-files.xcfilelist",
			);
			outputPaths = (
			);
			runOnlyForDeploymentPostprocessing = 0;
			shellPath = /bin/sh;
			shellScript = "\"${PODS_ROOT}/Target Support Files/Pods-iOSApp/Pods-iOSApp-frameworks.sh\"\n";
			showEnvVarsInLog = 0;
		};
		84985DA94D59AAD7C835CDCF /* [CP] Check Pods Manifest.lock */ = {
			isa = PBXShellScriptBuildPhase;
			buildActionMask = 2147483647;
			files = (
			);
			inputFileListPaths = (
			);
			inputPaths = (
				"${PODS_PODFILE_DIR_PATH}/Podfile.lock",
				"${PODS_ROOT}/Manifest.lock",
			);
			name = "[CP] Check Pods Manifest.lock";
			outputFileListPaths = (
			);
			outputPaths = (
				"$(DERIVED_FILE_DIR)/Pods-watchOSApp-checkManifestLockResult.txt",
			);
			runOnlyForDeploymentPostprocessing = 0;
			shellPath = /bin/sh;
			shellScript = "diff \"${PODS_PODFILE_DIR_PATH}/Podfile.lock\" \"${PODS_ROOT}/Manifest.lock\" > /dev/null\nif [ $? != 0 ] ; then\n    # print error to STDERR\n    echo \"error: The sandbox is not in sync with the Podfile.lock. Run 'pod install' or update your CocoaPods installation.\" >&2\n    exit 1\nfi\n# This output is used by Xcode 'outputs' to avoid re-running this script phase.\necho \"SUCCESS\" > \"${SCRIPT_OUTPUT_FILE_0}\"\n";
			showEnvVarsInLog = 0;
		};
		A8526D544F37D20B0B60A2B9 /* [CP] Check Pods Manifest.lock */ = {
			isa = PBXShellScriptBuildPhase;
			buildActionMask = 2147483647;
			files = (
			);
			inputFileListPaths = (
			);
			inputPaths = (
				"${PODS_PODFILE_DIR_PATH}/Podfile.lock",
				"${PODS_ROOT}/Manifest.lock",
			);
			name = "[CP] Check Pods Manifest.lock";
			outputFileListPaths = (
			);
			outputPaths = (
				"$(DERIVED_FILE_DIR)/Pods-watchOSAppUITests-checkManifestLockResult.txt",
			);
			runOnlyForDeploymentPostprocessing = 0;
			shellPath = /bin/sh;
			shellScript = "diff \"${PODS_PODFILE_DIR_PATH}/Podfile.lock\" \"${PODS_ROOT}/Manifest.lock\" > /dev/null\nif [ $? != 0 ] ; then\n    # print error to STDERR\n    echo \"error: The sandbox is not in sync with the Podfile.lock. Run 'pod install' or update your CocoaPods installation.\" >&2\n    exit 1\nfi\n# This output is used by Xcode 'outputs' to avoid re-running this script phase.\necho \"SUCCESS\" > \"${SCRIPT_OUTPUT_FILE_0}\"\n";
			showEnvVarsInLog = 0;
		};
		AF743E5AF0FDAABF4AF83F35 /* [CP] Check Pods Manifest.lock */ = {
			isa = PBXShellScriptBuildPhase;
			buildActionMask = 2147483647;
			files = (
			);
			inputFileListPaths = (
			);
			inputPaths = (
				"${PODS_PODFILE_DIR_PATH}/Podfile.lock",
				"${PODS_ROOT}/Manifest.lock",
			);
			name = "[CP] Check Pods Manifest.lock";
			outputFileListPaths = (
			);
			outputPaths = (
				"$(DERIVED_FILE_DIR)/Pods-iOSAppTests-checkManifestLockResult.txt",
			);
			runOnlyForDeploymentPostprocessing = 0;
			shellPath = /bin/sh;
			shellScript = "diff \"${PODS_PODFILE_DIR_PATH}/Podfile.lock\" \"${PODS_ROOT}/Manifest.lock\" > /dev/null\nif [ $? != 0 ] ; then\n    # print error to STDERR\n    echo \"error: The sandbox is not in sync with the Podfile.lock. Run 'pod install' or update your CocoaPods installation.\" >&2\n    exit 1\nfi\n# This output is used by Xcode 'outputs' to avoid re-running this script phase.\necho \"SUCCESS\" > \"${SCRIPT_OUTPUT_FILE_0}\"\n";
			showEnvVarsInLog = 0;
		};
		E9A018269821284FB70C5115 /* [CP] Embed Pods Frameworks */ = {
			isa = PBXShellScriptBuildPhase;
			buildActionMask = 2147483647;
			files = (
			);
			inputFileListPaths = (
				"${PODS_ROOT}/Target Support Files/Pods-watchOSApp/Pods-watchOSApp-frameworks-${CONFIGURATION}-input-files.xcfilelist",
			);
			inputPaths = (
			);
			name = "[CP] Embed Pods Frameworks";
			outputFileListPaths = (
				"${PODS_ROOT}/Target Support Files/Pods-watchOSApp/Pods-watchOSApp-frameworks-${CONFIGURATION}-output-files.xcfilelist",
			);
			outputPaths = (
			);
			runOnlyForDeploymentPostprocessing = 0;
			shellPath = /bin/sh;
			shellScript = "\"${PODS_ROOT}/Target Support Files/Pods-watchOSApp/Pods-watchOSApp-frameworks.sh\"\n";
			showEnvVarsInLog = 0;
		};
/* End PBXShellScriptBuildPhase section */

/* Begin PBXSourcesBuildPhase section */
		DD4031F22EA4AFE500C48702 /* Sources */ = {
			isa = PBXSourcesBuildPhase;
			buildActionMask = 2147483647;
			files = (
			);
			runOnlyForDeploymentPostprocessing = 0;
		};
		DD4031FF2EA4AFE600C48702 /* Sources */ = {
			isa = PBXSourcesBuildPhase;
			buildActionMask = 2147483647;
			files = (
			);
			runOnlyForDeploymentPostprocessing = 0;
		};
		DD4032092EA4AFE600C48702 /* Sources */ = {
			isa = PBXSourcesBuildPhase;
			buildActionMask = 2147483647;
			files = (
			);
			runOnlyForDeploymentPostprocessing = 0;
		};
		DD40322C2EA4B44000C48702 /* Sources */ = {
			isa = PBXSourcesBuildPhase;
			buildActionMask = 2147483647;
			files = (
			);
			runOnlyForDeploymentPostprocessing = 0;
		};
		DD4032382EA4B44200C48702 /* Sources */ = {
			isa = PBXSourcesBuildPhase;
			buildActionMask = 2147483647;
			files = (
			);
			runOnlyForDeploymentPostprocessing = 0;
		};
		DD4032422EA4B44200C48702 /* Sources */ = {
			isa = PBXSourcesBuildPhase;
			buildActionMask = 2147483647;
			files = (
			);
			runOnlyForDeploymentPostprocessing = 0;
		};
/* End PBXSourcesBuildPhase section */

/* Begin PBXTargetDependency section */
		DD4032052EA4AFE600C48702 /* PBXTargetDependency */ = {
			isa = PBXTargetDependency;
			target = DD4031F52EA4AFE500C48702 /* iOSApp */;
			targetProxy = DD4032042EA4AFE600C48702 /* PBXContainerItemProxy */;
		};
		DD40320F2EA4AFE600C48702 /* PBXTargetDependency */ = {
			isa = PBXTargetDependency;
			target = DD4031F52EA4AFE500C48702 /* iOSApp */;
			targetProxy = DD40320E2EA4AFE600C48702 /* PBXContainerItemProxy */;
		};
		DD40323E2EA4B44200C48702 /* PBXTargetDependency */ = {
			isa = PBXTargetDependency;
			target = DD40322F2EA4B44000C48702 /* watchOSApp */;
			targetProxy = DD40323D2EA4B44200C48702 /* PBXContainerItemProxy */;
		};
		DD4032482EA4B44200C48702 /* PBXTargetDependency */ = {
			isa = PBXTargetDependency;
			target = DD40322F2EA4B44000C48702 /* watchOSApp */;
			targetProxy = DD4032472EA4B44200C48702 /* PBXContainerItemProxy */;
		};
		DD40324F2EA4B44200C48702 /* PBXTargetDependency */ = {
			isa = PBXTargetDependency;
			target = DD40322F2EA4B44000C48702 /* watchOSApp */;
			targetProxy = DD40324E2EA4B44200C48702 /* PBXContainerItemProxy */;
		};
/* End PBXTargetDependency section */

/* Begin XCBuildConfiguration section */
		DD4032152EA4AFE600C48702 /* Debug */ = {
			isa = XCBuildConfiguration;
			buildSettings = {
				ALWAYS_SEARCH_USER_PATHS = NO;
				ASSETCATALOG_COMPILER_GENERATE_SWIFT_ASSET_SYMBOL_EXTENSIONS = YES;
				CLANG_ANALYZER_NONNULL = YES;
				CLANG_ANALYZER_NUMBER_OBJECT_CONVERSION = YES_AGGRESSIVE;
				CLANG_CXX_LANGUAGE_STANDARD = "gnu++20";
				CLANG_ENABLE_MODULES = YES;
				CLANG_ENABLE_OBJC_ARC = YES;
				CLANG_ENABLE_OBJC_WEAK = YES;
				CLANG_WARN_BLOCK_CAPTURE_AUTORELEASING = YES;
				CLANG_WARN_BOOL_CONVERSION = YES;
				CLANG_WARN_COMMA = YES;
				CLANG_WARN_CONSTANT_CONVERSION = YES;
				CLANG_WARN_DEPRECATED_OBJC_IMPLEMENTATIONS = YES;
				CLANG_WARN_DIRECT_OBJC_ISA_USAGE = YES_ERROR;
				CLANG_WARN_DOCUMENTATION_COMMENTS = YES;
				CLANG_WARN_EMPTY_BODY = YES;
				CLANG_WARN_ENUM_CONVERSION = YES;
				CLANG_WARN_INFINITE_RECURSION = YES;
				CLANG_WARN_INT_CONVERSION = YES;
				CLANG_WARN_NON_LITERAL_NULL_CONVERSION = YES;
				CLANG_WARN_OBJC_IMPLICIT_RETAIN_SELF = YES;
				CLANG_WARN_OBJC_LITERAL_CONVERSION = YES;
				CLANG_WARN_OBJC_ROOT_CLASS = YES_ERROR;
				CLANG_WARN_QUOTED_INCLUDE_IN_FRAMEWORK_HEADER = YES;
				CLANG_WARN_RANGE_LOOP_ANALYSIS = YES;
				CLANG_WARN_STRICT_PROTOTYPES = YES;
				CLANG_WARN_SUSPICIOUS_MOVE = YES;
				CLANG_WARN_UNGUARDED_AVAILABILITY = YES_AGGRESSIVE;
				CLANG_WARN_UNREACHABLE_CODE = YES;
				CLANG_WARN__DUPLICATE_METHOD_MATCH = YES;
				COPY_PHASE_STRIP = NO;
				DEBUG_INFORMATION_FORMAT = dwarf;
				DEVELOPMENT_TEAM = 74UR9HP896;
				ENABLE_STRICT_OBJC_MSGSEND = YES;
				ENABLE_TESTABILITY = YES;
				ENABLE_USER_SCRIPT_SANDBOXING = NO;
				GCC_C_LANGUAGE_STANDARD = gnu17;
				GCC_DYNAMIC_NO_PIC = NO;
				GCC_NO_COMMON_BLOCKS = YES;
				GCC_OPTIMIZATION_LEVEL = 0;
				GCC_PREPROCESSOR_DEFINITIONS = (
					"DEBUG=1",
					"$(inherited)",
				);
				GCC_WARN_64_TO_32_BIT_CONVERSION = YES;
				GCC_WARN_ABOUT_RETURN_TYPE = YES_ERROR;
				GCC_WARN_UNDECLARED_SELECTOR = YES;
				GCC_WARN_UNINITIALIZED_AUTOS = YES_AGGRESSIVE;
				GCC_WARN_UNUSED_FUNCTION = YES;
				GCC_WARN_UNUSED_VARIABLE = YES;
				LD_RUNPATH_SEARCH_PATHS = "$(inherited)";
				LOCALIZATION_PREFERS_STRING_CATALOGS = YES;
				MTL_ENABLE_DEBUG_INFO = INCLUDE_SOURCE;
				MTL_FAST_MATH = YES;
				ONLY_ACTIVE_ARCH = YES;
				SWIFT_ACTIVE_COMPILATION_CONDITIONS = "DEBUG $(inherited)";
				SWIFT_OPTIMIZATION_LEVEL = "-Onone";
			};
			name = Debug;
		};
		DD4032162EA4AFE600C48702 /* Release */ = {
			isa = XCBuildConfiguration;
			buildSettings = {
				ALWAYS_SEARCH_USER_PATHS = NO;
				ASSETCATALOG_COMPILER_GENERATE_SWIFT_ASSET_SYMBOL_EXTENSIONS = YES;
				CLANG_ANALYZER_NONNULL = YES;
				CLANG_ANALYZER_NUMBER_OBJECT_CONVERSION = YES_AGGRESSIVE;
				CLANG_CXX_LANGUAGE_STANDARD = "gnu++20";
				CLANG_ENABLE_MODULES = YES;
				CLANG_ENABLE_OBJC_ARC = YES;
				CLANG_ENABLE_OBJC_WEAK = YES;
				CLANG_WARN_BLOCK_CAPTURE_AUTORELEASING = YES;
				CLANG_WARN_BOOL_CONVERSION = YES;
				CLANG_WARN_COMMA = YES;
				CLANG_WARN_CONSTANT_CONVERSION = YES;
				CLANG_WARN_DEPRECATED_OBJC_IMPLEMENTATIONS = YES;
				CLANG_WARN_DIRECT_OBJC_ISA_USAGE = YES_ERROR;
				CLANG_WARN_DOCUMENTATION_COMMENTS = YES;
				CLANG_WARN_EMPTY_BODY = YES;
				CLANG_WARN_ENUM_CONVERSION = YES;
				CLANG_WARN_INFINITE_RECURSION = YES;
				CLANG_WARN_INT_CONVERSION = YES;
				CLANG_WARN_NON_LITERAL_NULL_CONVERSION = YES;
				CLANG_WARN_OBJC_IMPLICIT_RETAIN_SELF = YES;
				CLANG_WARN_OBJC_LITERAL_CONVERSION = YES;
				CLANG_WARN_OBJC_ROOT_CLASS = YES_ERROR;
				CLANG_WARN_QUOTED_INCLUDE_IN_FRAMEWORK_HEADER = YES;
				CLANG_WARN_RANGE_LOOP_ANALYSIS = YES;
				CLANG_WARN_STRICT_PROTOTYPES = YES;
				CLANG_WARN_SUSPICIOUS_MOVE = YES;
				CLANG_WARN_UNGUARDED_AVAILABILITY = YES_AGGRESSIVE;
				CLANG_WARN_UNREACHABLE_CODE = YES;
				CLANG_WARN__DUPLICATE_METHOD_MATCH = YES;
				COPY_PHASE_STRIP = NO;
				DEBUG_INFORMATION_FORMAT = "dwarf-with-dsym";
				DEVELOPMENT_TEAM = 74UR9HP896;
				ENABLE_NS_ASSERTIONS = NO;
				ENABLE_STRICT_OBJC_MSGSEND = YES;
				ENABLE_USER_SCRIPT_SANDBOXING = NO;
				GCC_C_LANGUAGE_STANDARD = gnu17;
				GCC_NO_COMMON_BLOCKS = YES;
				GCC_WARN_64_TO_32_BIT_CONVERSION = YES;
				GCC_WARN_ABOUT_RETURN_TYPE = YES_ERROR;
				GCC_WARN_UNDECLARED_SELECTOR = YES;
				GCC_WARN_UNINITIALIZED_AUTOS = YES_AGGRESSIVE;
				GCC_WARN_UNUSED_FUNCTION = YES;
				GCC_WARN_UNUSED_VARIABLE = YES;
				LD_RUNPATH_SEARCH_PATHS = "$(inherited)";
				LOCALIZATION_PREFERS_STRING_CATALOGS = YES;
				MTL_ENABLE_DEBUG_INFO = NO;
				MTL_FAST_MATH = YES;
				SWIFT_COMPILATION_MODE = wholemodule;
			};
			name = Release;
		};
		DD4032182EA4AFE600C48702 /* Debug */ = {
			isa = XCBuildConfiguration;
			baseConfigurationReference = 3378B555156EB1B466A938DC /* Pods-iOSApp.debug.xcconfig */;
			buildSettings = {
				ASSETCATALOG_COMPILER_APPICON_NAME = AppIcon;
				ASSETCATALOG_COMPILER_GLOBAL_ACCENT_COLOR_NAME = AccentColor;
				CODE_SIGN_STYLE = Automatic;
				CURRENT_PROJECT_VERSION = 1;
				DEVELOPMENT_TEAM = 74UR9HP896;
				ENABLE_APP_SANDBOX = YES;
				ENABLE_HARDENED_RUNTIME = YES;
				ENABLE_PREVIEWS = YES;
				ENABLE_USER_SELECTED_FILES = readonly;
				GENERATE_INFOPLIST_FILE = YES;
				"INFOPLIST_KEY_UIApplicationSceneManifest_Generation[sdk=iphoneos*]" = YES;
				"INFOPLIST_KEY_UIApplicationSceneManifest_Generation[sdk=iphonesimulator*]" = YES;
				"INFOPLIST_KEY_UIApplicationSupportsIndirectInputEvents[sdk=iphoneos*]" = YES;
				"INFOPLIST_KEY_UIApplicationSupportsIndirectInputEvents[sdk=iphonesimulator*]" = YES;
				"INFOPLIST_KEY_UILaunchScreen_Generation[sdk=iphoneos*]" = YES;
				"INFOPLIST_KEY_UILaunchScreen_Generation[sdk=iphonesimulator*]" = YES;
				"INFOPLIST_KEY_UIStatusBarStyle[sdk=iphoneos*]" = UIStatusBarStyleDefault;
				"INFOPLIST_KEY_UIStatusBarStyle[sdk=iphonesimulator*]" = UIStatusBarStyleDefault;
				INFOPLIST_KEY_UISupportedInterfaceOrientations_iPad = "UIInterfaceOrientationPortrait UIInterfaceOrientationPortraitUpsideDown UIInterfaceOrientationLandscapeLeft UIInterfaceOrientationLandscapeRight";
				INFOPLIST_KEY_UISupportedInterfaceOrientations_iPhone = "UIInterfaceOrientationPortrait UIInterfaceOrientationLandscapeLeft UIInterfaceOrientationLandscapeRight";
				IPHONEOS_DEPLOYMENT_TARGET = 26.0;
				LD_RUNPATH_SEARCH_PATHS = "@executable_path/Frameworks";
				"LD_RUNPATH_SEARCH_PATHS[sdk=macosx*]" = "@executable_path/../Frameworks";
				MACOSX_DEPLOYMENT_TARGET = 26.0;
				MARKETING_VERSION = 1.0;
				PRODUCT_BUNDLE_IDENTIFIER = com.hsf89757.XYCgmsApp;
				PRODUCT_NAME = "$(TARGET_NAME)";
				REGISTER_APP_GROUPS = YES;
				SDKROOT = auto;
				STRING_CATALOG_GENERATE_SYMBOLS = YES;
				SUPPORTED_PLATFORMS = "iphoneos iphonesimulator macosx xros xrsimulator";
				SWIFT_APPROACHABLE_CONCURRENCY = YES;
				SWIFT_DEFAULT_ACTOR_ISOLATION = MainActor;
				SWIFT_EMIT_LOC_STRINGS = YES;
				SWIFT_UPCOMING_FEATURE_MEMBER_IMPORT_VISIBILITY = YES;
				SWIFT_VERSION = 5.0;
				TARGETED_DEVICE_FAMILY = "1,2,7";
				XROS_DEPLOYMENT_TARGET = 26.0;
			};
			name = Debug;
		};
		DD4032192EA4AFE600C48702 /* Release */ = {
			isa = XCBuildConfiguration;
			baseConfigurationReference = 55BE044A4D45B878C209D057 /* Pods-iOSApp.release.xcconfig */;
			buildSettings = {
				ASSETCATALOG_COMPILER_APPICON_NAME = AppIcon;
				ASSETCATALOG_COMPILER_GLOBAL_ACCENT_COLOR_NAME = AccentColor;
				CODE_SIGN_STYLE = Automatic;
				CURRENT_PROJECT_VERSION = 1;
				DEVELOPMENT_TEAM = 74UR9HP896;
				ENABLE_APP_SANDBOX = YES;
				ENABLE_HARDENED_RUNTIME = YES;
				ENABLE_PREVIEWS = YES;
				ENABLE_USER_SELECTED_FILES = readonly;
				GENERATE_INFOPLIST_FILE = YES;
				"INFOPLIST_KEY_UIApplicationSceneManifest_Generation[sdk=iphoneos*]" = YES;
				"INFOPLIST_KEY_UIApplicationSceneManifest_Generation[sdk=iphonesimulator*]" = YES;
				"INFOPLIST_KEY_UIApplicationSupportsIndirectInputEvents[sdk=iphoneos*]" = YES;
				"INFOPLIST_KEY_UIApplicationSupportsIndirectInputEvents[sdk=iphonesimulator*]" = YES;
				"INFOPLIST_KEY_UILaunchScreen_Generation[sdk=iphoneos*]" = YES;
				"INFOPLIST_KEY_UILaunchScreen_Generation[sdk=iphonesimulator*]" = YES;
				"INFOPLIST_KEY_UIStatusBarStyle[sdk=iphoneos*]" = UIStatusBarStyleDefault;
				"INFOPLIST_KEY_UIStatusBarStyle[sdk=iphonesimulator*]" = UIStatusBarStyleDefault;
				INFOPLIST_KEY_UISupportedInterfaceOrientations_iPad = "UIInterfaceOrientationPortrait UIInterfaceOrientationPortraitUpsideDown UIInterfaceOrientationLandscapeLeft UIInterfaceOrientationLandscapeRight";
				INFOPLIST_KEY_UISupportedInterfaceOrientations_iPhone = "UIInterfaceOrientationPortrait UIInterfaceOrientationLandscapeLeft UIInterfaceOrientationLandscapeRight";
				IPHONEOS_DEPLOYMENT_TARGET = 26.0;
				LD_RUNPATH_SEARCH_PATHS = "@executable_path/Frameworks";
				"LD_RUNPATH_SEARCH_PATHS[sdk=macosx*]" = "@executable_path/../Frameworks";
				MACOSX_DEPLOYMENT_TARGET = 26.0;
				MARKETING_VERSION = 1.0;
				PRODUCT_BUNDLE_IDENTIFIER = com.hsf89757.XYCgmsApp;
				PRODUCT_NAME = "$(TARGET_NAME)";
				REGISTER_APP_GROUPS = YES;
				SDKROOT = auto;
				STRING_CATALOG_GENERATE_SYMBOLS = YES;
				SUPPORTED_PLATFORMS = "iphoneos iphonesimulator macosx xros xrsimulator";
				SWIFT_APPROACHABLE_CONCURRENCY = YES;
				SWIFT_DEFAULT_ACTOR_ISOLATION = MainActor;
				SWIFT_EMIT_LOC_STRINGS = YES;
				SWIFT_UPCOMING_FEATURE_MEMBER_IMPORT_VISIBILITY = YES;
				SWIFT_VERSION = 5.0;
				TARGETED_DEVICE_FAMILY = "1,2,7";
				XROS_DEPLOYMENT_TARGET = 26.0;
			};
			name = Release;
		};
		DD40321B2EA4AFE600C48702 /* Debug */ = {
			isa = XCBuildConfiguration;
			baseConfigurationReference = AD90E58150FDD6E56ED1A398 /* Pods-iOSAppTests.debug.xcconfig */;
			buildSettings = {
				BUNDLE_LOADER = "$(TEST_HOST)";
				CODE_SIGN_STYLE = Automatic;
				CURRENT_PROJECT_VERSION = 1;
				DEVELOPMENT_TEAM = 74UR9HP896;
				GENERATE_INFOPLIST_FILE = YES;
				IPHONEOS_DEPLOYMENT_TARGET = 26.0;
				MACOSX_DEPLOYMENT_TARGET = 26.0;
				MARKETING_VERSION = 1.0;
				PRODUCT_BUNDLE_IDENTIFIER = com.hsf89757.XYCgmsAppTests;
				PRODUCT_NAME = "$(TARGET_NAME)";
				SDKROOT = auto;
				STRING_CATALOG_GENERATE_SYMBOLS = NO;
				SUPPORTED_PLATFORMS = "iphoneos iphonesimulator macosx xros xrsimulator";
				SWIFT_APPROACHABLE_CONCURRENCY = YES;
				SWIFT_EMIT_LOC_STRINGS = NO;
				SWIFT_UPCOMING_FEATURE_MEMBER_IMPORT_VISIBILITY = YES;
				SWIFT_VERSION = 5.0;
				TARGETED_DEVICE_FAMILY = "1,2,7";
				TEST_HOST = "$(BUILT_PRODUCTS_DIR)/XYCgmsApp.app/$(BUNDLE_EXECUTABLE_FOLDER_PATH)/XYCgmsApp";
				XROS_DEPLOYMENT_TARGET = 26.0;
			};
			name = Debug;
		};
		DD40321C2EA4AFE600C48702 /* Release */ = {
			isa = XCBuildConfiguration;
			baseConfigurationReference = 32FFECA3201CCBC455A4674D /* Pods-iOSAppTests.release.xcconfig */;
			buildSettings = {
				BUNDLE_LOADER = "$(TEST_HOST)";
				CODE_SIGN_STYLE = Automatic;
				CURRENT_PROJECT_VERSION = 1;
				DEVELOPMENT_TEAM = 74UR9HP896;
				GENERATE_INFOPLIST_FILE = YES;
				IPHONEOS_DEPLOYMENT_TARGET = 26.0;
				MACOSX_DEPLOYMENT_TARGET = 26.0;
				MARKETING_VERSION = 1.0;
				PRODUCT_BUNDLE_IDENTIFIER = com.hsf89757.XYCgmsAppTests;
				PRODUCT_NAME = "$(TARGET_NAME)";
				SDKROOT = auto;
				STRING_CATALOG_GENERATE_SYMBOLS = NO;
				SUPPORTED_PLATFORMS = "iphoneos iphonesimulator macosx xros xrsimulator";
				SWIFT_APPROACHABLE_CONCURRENCY = YES;
				SWIFT_EMIT_LOC_STRINGS = NO;
				SWIFT_UPCOMING_FEATURE_MEMBER_IMPORT_VISIBILITY = YES;
				SWIFT_VERSION = 5.0;
				TARGETED_DEVICE_FAMILY = "1,2,7";
				TEST_HOST = "$(BUILT_PRODUCTS_DIR)/XYCgmsApp.app/$(BUNDLE_EXECUTABLE_FOLDER_PATH)/XYCgmsApp";
				XROS_DEPLOYMENT_TARGET = 26.0;
			};
			name = Release;
		};
		DD40321E2EA4AFE600C48702 /* Debug */ = {
			isa = XCBuildConfiguration;
			baseConfigurationReference = ECE34F5D01AB4B3D78975ED7 /* Pods-iOSAppUITests.debug.xcconfig */;
			buildSettings = {
				CODE_SIGN_STYLE = Automatic;
				CURRENT_PROJECT_VERSION = 1;
				DEVELOPMENT_TEAM = 74UR9HP896;
				GENERATE_INFOPLIST_FILE = YES;
				IPHONEOS_DEPLOYMENT_TARGET = 26.0;
				MACOSX_DEPLOYMENT_TARGET = 26.0;
				MARKETING_VERSION = 1.0;
				PRODUCT_BUNDLE_IDENTIFIER = com.hsf89757.XYCgmsAppUITests;
				PRODUCT_NAME = "$(TARGET_NAME)";
				SDKROOT = auto;
				STRING_CATALOG_GENERATE_SYMBOLS = NO;
				SUPPORTED_PLATFORMS = "iphoneos iphonesimulator macosx xros xrsimulator";
				SWIFT_APPROACHABLE_CONCURRENCY = YES;
				SWIFT_EMIT_LOC_STRINGS = NO;
				SWIFT_UPCOMING_FEATURE_MEMBER_IMPORT_VISIBILITY = YES;
				SWIFT_VERSION = 5.0;
				TARGETED_DEVICE_FAMILY = "1,2,7";
				TEST_TARGET_NAME = XYCgmsApp;
				XROS_DEPLOYMENT_TARGET = 26.0;
			};
			name = Debug;
		};
		DD40321F2EA4AFE600C48702 /* Release */ = {
			isa = XCBuildConfiguration;
			baseConfigurationReference = 488833C3B07894D25953FA53 /* Pods-iOSAppUITests.release.xcconfig */;
			buildSettings = {
				CODE_SIGN_STYLE = Automatic;
				CURRENT_PROJECT_VERSION = 1;
				DEVELOPMENT_TEAM = 74UR9HP896;
				GENERATE_INFOPLIST_FILE = YES;
				IPHONEOS_DEPLOYMENT_TARGET = 26.0;
				MACOSX_DEPLOYMENT_TARGET = 26.0;
				MARKETING_VERSION = 1.0;
				PRODUCT_BUNDLE_IDENTIFIER = com.hsf89757.XYCgmsAppUITests;
				PRODUCT_NAME = "$(TARGET_NAME)";
				SDKROOT = auto;
				STRING_CATALOG_GENERATE_SYMBOLS = NO;
				SUPPORTED_PLATFORMS = "iphoneos iphonesimulator macosx xros xrsimulator";
				SWIFT_APPROACHABLE_CONCURRENCY = YES;
				SWIFT_EMIT_LOC_STRINGS = NO;
				SWIFT_UPCOMING_FEATURE_MEMBER_IMPORT_VISIBILITY = YES;
				SWIFT_VERSION = 5.0;
				TARGETED_DEVICE_FAMILY = "1,2,7";
				TEST_TARGET_NAME = XYCgmsApp;
				XROS_DEPLOYMENT_TARGET = 26.0;
			};
			name = Release;
		};
		DD4032522EA4B44200C48702 /* Debug */ = {
			isa = XCBuildConfiguration;
			baseConfigurationReference = 159A7C4A7A16E9468FE957DD /* Pods-watchOSApp.debug.xcconfig */;
			buildSettings = {
				ASSETCATALOG_COMPILER_APPICON_NAME = AppIcon;
				ASSETCATALOG_COMPILER_GLOBAL_ACCENT_COLOR_NAME = AccentColor;
				CODE_SIGN_STYLE = Automatic;
				CURRENT_PROJECT_VERSION = 1;
				DEVELOPMENT_TEAM = 74UR9HP896;
				ENABLE_PREVIEWS = YES;
				GENERATE_INFOPLIST_FILE = YES;
				INFOPLIST_KEY_CFBundleDisplayName = Watch;
				INFOPLIST_KEY_UISupportedInterfaceOrientations = "UIInterfaceOrientationPortrait UIInterfaceOrientationPortraitUpsideDown";
				INFOPLIST_KEY_WKCompanionAppBundleIdentifier = com.hsf89757.XYCgmsApp;
				LD_RUNPATH_SEARCH_PATHS = (
					"$(inherited)",
					"@executable_path/Frameworks",
				);
				MARKETING_VERSION = 1.0;
				PRODUCT_BUNDLE_IDENTIFIER = com.hsf89757.XYCgmsApp.watchkitapp;
				PRODUCT_NAME = "$(TARGET_NAME)";
				SDKROOT = watchos;
				SKIP_INSTALL = YES;
				STRING_CATALOG_GENERATE_SYMBOLS = YES;
				SWIFT_APPROACHABLE_CONCURRENCY = YES;
				SWIFT_DEFAULT_ACTOR_ISOLATION = MainActor;
				SWIFT_EMIT_LOC_STRINGS = YES;
				SWIFT_UPCOMING_FEATURE_MEMBER_IMPORT_VISIBILITY = YES;
				SWIFT_VERSION = 5.0;
				TARGETED_DEVICE_FAMILY = 4;
				WATCHOS_DEPLOYMENT_TARGET = 26.0;
			};
			name = Debug;
		};
		DD4032532EA4B44200C48702 /* Release */ = {
			isa = XCBuildConfiguration;
			baseConfigurationReference = 4AA274D715D99B1B90568637 /* Pods-watchOSApp.release.xcconfig */;
			buildSettings = {
				ASSETCATALOG_COMPILER_APPICON_NAME = AppIcon;
				ASSETCATALOG_COMPILER_GLOBAL_ACCENT_COLOR_NAME = AccentColor;
				CODE_SIGN_STYLE = Automatic;
				CURRENT_PROJECT_VERSION = 1;
				DEVELOPMENT_TEAM = 74UR9HP896;
				ENABLE_PREVIEWS = YES;
				GENERATE_INFOPLIST_FILE = YES;
				INFOPLIST_KEY_CFBundleDisplayName = Watch;
				INFOPLIST_KEY_UISupportedInterfaceOrientations = "UIInterfaceOrientationPortrait UIInterfaceOrientationPortraitUpsideDown";
				INFOPLIST_KEY_WKCompanionAppBundleIdentifier = com.hsf89757.XYCgmsApp;
				LD_RUNPATH_SEARCH_PATHS = (
					"$(inherited)",
					"@executable_path/Frameworks",
				);
				MARKETING_VERSION = 1.0;
				PRODUCT_BUNDLE_IDENTIFIER = com.hsf89757.XYCgmsApp.watchkitapp;
				PRODUCT_NAME = "$(TARGET_NAME)";
				SDKROOT = watchos;
				SKIP_INSTALL = YES;
				STRING_CATALOG_GENERATE_SYMBOLS = YES;
				SWIFT_APPROACHABLE_CONCURRENCY = YES;
				SWIFT_DEFAULT_ACTOR_ISOLATION = MainActor;
				SWIFT_EMIT_LOC_STRINGS = YES;
				SWIFT_UPCOMING_FEATURE_MEMBER_IMPORT_VISIBILITY = YES;
				SWIFT_VERSION = 5.0;
				TARGETED_DEVICE_FAMILY = 4;
				VALIDATE_PRODUCT = YES;
				WATCHOS_DEPLOYMENT_TARGET = 26.0;
			};
			name = Release;
		};
		DD4032542EA4B44200C48702 /* Debug */ = {
			isa = XCBuildConfiguration;
			baseConfigurationReference = 5BF4B41F78C281328F5C6A5E /* Pods-watchOSAppTests.debug.xcconfig */;
			buildSettings = {
				BUNDLE_LOADER = "$(TEST_HOST)";
				CODE_SIGN_STYLE = Automatic;
				CURRENT_PROJECT_VERSION = 1;
				DEVELOPMENT_TEAM = 74UR9HP896;
				GENERATE_INFOPLIST_FILE = YES;
				MARKETING_VERSION = 1.0;
				PRODUCT_BUNDLE_IDENTIFIER = "com.hsf89757.Watch-Watch-AppTests";
				PRODUCT_NAME = "$(TARGET_NAME)";
				SDKROOT = watchos;
				STRING_CATALOG_GENERATE_SYMBOLS = NO;
				SWIFT_APPROACHABLE_CONCURRENCY = YES;
				SWIFT_EMIT_LOC_STRINGS = NO;
				SWIFT_UPCOMING_FEATURE_MEMBER_IMPORT_VISIBILITY = YES;
				SWIFT_VERSION = 5.0;
				TARGETED_DEVICE_FAMILY = 4;
				TEST_HOST = "$(BUILT_PRODUCTS_DIR)/Watch Watch App.app/$(BUNDLE_EXECUTABLE_FOLDER_PATH)/Watch Watch App";
				WATCHOS_DEPLOYMENT_TARGET = 26.0;
			};
			name = Debug;
		};
		DD4032552EA4B44200C48702 /* Release */ = {
			isa = XCBuildConfiguration;
			baseConfigurationReference = 8229B14771E76A7A3203D2B9 /* Pods-watchOSAppTests.release.xcconfig */;
			buildSettings = {
				BUNDLE_LOADER = "$(TEST_HOST)";
				CODE_SIGN_STYLE = Automatic;
				CURRENT_PROJECT_VERSION = 1;
				DEVELOPMENT_TEAM = 74UR9HP896;
				GENERATE_INFOPLIST_FILE = YES;
				MARKETING_VERSION = 1.0;
				PRODUCT_BUNDLE_IDENTIFIER = "com.hsf89757.Watch-Watch-AppTests";
				PRODUCT_NAME = "$(TARGET_NAME)";
				SDKROOT = watchos;
				STRING_CATALOG_GENERATE_SYMBOLS = NO;
				SWIFT_APPROACHABLE_CONCURRENCY = YES;
				SWIFT_EMIT_LOC_STRINGS = NO;
				SWIFT_UPCOMING_FEATURE_MEMBER_IMPORT_VISIBILITY = YES;
				SWIFT_VERSION = 5.0;
				TARGETED_DEVICE_FAMILY = 4;
				TEST_HOST = "$(BUILT_PRODUCTS_DIR)/Watch Watch App.app/$(BUNDLE_EXECUTABLE_FOLDER_PATH)/Watch Watch App";
				VALIDATE_PRODUCT = YES;
				WATCHOS_DEPLOYMENT_TARGET = 26.0;
			};
			name = Release;
		};
		DD4032562EA4B44200C48702 /* Debug */ = {
			isa = XCBuildConfiguration;
			baseConfigurationReference = BAA378B8923892A956564118 /* Pods-watchOSAppUITests.debug.xcconfig */;
			buildSettings = {
				CODE_SIGN_STYLE = Automatic;
				CURRENT_PROJECT_VERSION = 1;
				DEVELOPMENT_TEAM = 74UR9HP896;
				GENERATE_INFOPLIST_FILE = YES;
				MARKETING_VERSION = 1.0;
				PRODUCT_BUNDLE_IDENTIFIER = "com.hsf89757.Watch-Watch-AppUITests";
				PRODUCT_NAME = "$(TARGET_NAME)";
				SDKROOT = watchos;
				STRING_CATALOG_GENERATE_SYMBOLS = NO;
				SWIFT_APPROACHABLE_CONCURRENCY = YES;
				SWIFT_EMIT_LOC_STRINGS = NO;
				SWIFT_UPCOMING_FEATURE_MEMBER_IMPORT_VISIBILITY = YES;
				SWIFT_VERSION = 5.0;
				TARGETED_DEVICE_FAMILY = 4;
				TEST_TARGET_NAME = "Watch Watch App";
				WATCHOS_DEPLOYMENT_TARGET = 26.0;
			};
			name = Debug;
		};
		DD4032572EA4B44200C48702 /* Release */ = {
			isa = XCBuildConfiguration;
			baseConfigurationReference = 284D31FA70CE836826EF60AD /* Pods-watchOSAppUITests.release.xcconfig */;
			buildSettings = {
				CODE_SIGN_STYLE = Automatic;
				CURRENT_PROJECT_VERSION = 1;
				DEVELOPMENT_TEAM = 74UR9HP896;
				GENERATE_INFOPLIST_FILE = YES;
				MARKETING_VERSION = 1.0;
				PRODUCT_BUNDLE_IDENTIFIER = "com.hsf89757.Watch-Watch-AppUITests";
				PRODUCT_NAME = "$(TARGET_NAME)";
				SDKROOT = watchos;
				STRING_CATALOG_GENERATE_SYMBOLS = NO;
				SWIFT_APPROACHABLE_CONCURRENCY = YES;
				SWIFT_EMIT_LOC_STRINGS = NO;
				SWIFT_UPCOMING_FEATURE_MEMBER_IMPORT_VISIBILITY = YES;
				SWIFT_VERSION = 5.0;
				TARGETED_DEVICE_FAMILY = 4;
				TEST_TARGET_NAME = "Watch Watch App";
				VALIDATE_PRODUCT = YES;
				WATCHOS_DEPLOYMENT_TARGET = 26.0;
			};
			name = Release;
		};
/* End XCBuildConfiguration section */

/* Begin XCConfigurationList section */
		DD4031F12EA4AFE500C48702 /* Build configuration list for PBXProject "XYCgmsApp" */ = {
			isa = XCConfigurationList;
			buildConfigurations = (
				DD4032152EA4AFE600C48702 /* Debug */,
				DD4032162EA4AFE600C48702 /* Release */,
			);
			defaultConfigurationIsVisible = 0;
			defaultConfigurationName = Release;
		};
		DD4032172EA4AFE600C48702 /* Build configuration list for PBXNativeTarget "iOSApp" */ = {
			isa = XCConfigurationList;
			buildConfigurations = (
				DD4032182EA4AFE600C48702 /* Debug */,
				DD4032192EA4AFE600C48702 /* Release */,
			);
			defaultConfigurationIsVisible = 0;
			defaultConfigurationName = Release;
		};
		DD40321A2EA4AFE600C48702 /* Build configuration list for PBXNativeTarget "iOSAppTests" */ = {
			isa = XCConfigurationList;
			buildConfigurations = (
				DD40321B2EA4AFE600C48702 /* Debug */,
				DD40321C2EA4AFE600C48702 /* Release */,
			);
			defaultConfigurationIsVisible = 0;
			defaultConfigurationName = Release;
		};
		DD40321D2EA4AFE600C48702 /* Build configuration list for PBXNativeTarget "iOSAppUITests" */ = {
			isa = XCConfigurationList;
			buildConfigurations = (
				DD40321E2EA4AFE600C48702 /* Debug */,
				DD40321F2EA4AFE600C48702 /* Release */,
			);
			defaultConfigurationIsVisible = 0;
			defaultConfigurationName = Release;
		};
		DD4032582EA4B44200C48702 /* Build configuration list for PBXNativeTarget "watchOSApp" */ = {
			isa = XCConfigurationList;
			buildConfigurations = (
				DD4032522EA4B44200C48702 /* Debug */,
				DD4032532EA4B44200C48702 /* Release */,
			);
			defaultConfigurationIsVisible = 0;
			defaultConfigurationName = Release;
		};
		DD4032592EA4B44200C48702 /* Build configuration list for PBXNativeTarget "watchOSAppTests" */ = {
			isa = XCConfigurationList;
			buildConfigurations = (
				DD4032542EA4B44200C48702 /* Debug */,
				DD4032552EA4B44200C48702 /* Release */,
			);
			defaultConfigurationIsVisible = 0;
			defaultConfigurationName = Release;
		};
		DD40325A2EA4B44200C48702 /* Build configuration list for PBXNativeTarget "watchOSAppUITests" */ = {
			isa = XCConfigurationList;
			buildConfigurations = (
				DD4032562EA4B44200C48702 /* Debug */,
				DD4032572EA4B44200C48702 /* Release */,
			);
			defaultConfigurationIsVisible = 0;
			defaultConfigurationName = Release;
		};
/* End XCConfigurationList section */
	};
	rootObject = DD4031EE2EA4AFE500C48702 /* Project object */;
}
