PODS:
  - XYExtension (0.1.0)
  - XYUtil (0.1.0)

DEPENDENCIES:
  - XYExtension (from `../../XYExtension/`)
  - XYUtil (from `../`)

EXTERNAL SOURCES:
  XYExtension:
    :path: "../../XYExtension/"
  XYUtil:
    :path: "../"

SPEC CHECKSUMS:
  XYExtension: 01fcc49864211dbc604ed87a881f0dd06f487eb5
  XYUtil: 917b2092a83cd8286754aa038769b8410879289f

PODFILE CHECKSUM: ffff272992d1c3abadb0eaaee8261108905fc6ac

COCOAPODS: 1.16.2
